// !$*UTF8*$!
{
	archiveVersion = 1;
	classes = {
	};
	objectVersion = 46;
	objects = {

/* Begin PBXBuildFile section */
		7901F0571BC8AE6000FD8915 /* BoardGameFramework.framework in Frameworks */ = {isa = PBXBuildFile; fileRef = 7901F0561BC8AE6000FD8915 /* BoardGameFramework.framework */; };
		7901F0581BC8AE6000FD8915 /* BoardGameFramework.framework in Embed Frameworks */ = {isa = PBXBuildFile; fileRef = 7901F0561BC8AE6000FD8915 /* BoardGameFramework.framework */; settings = {ATTRIBUTES = (CodeSignOnCopy, RemoveHeadersOnCopy, ); }; };
		798D742E1C659DA00083E6CC /* cardBack.png in Resources */ = {isa = PBXBuildFile; fileRef = 798D742D1C659DA00083E6CC /* cardBack.png */; };
		798D74341C65A6870083E6CC /* cardBack.png in Resources */ = {isa = PBXBuildFile; fileRef = 798D74331C65A6870083E6CC /* cardBack.png */; };
		79E7AA2B1B3F8DFF00416595 /* main.m in Sources */ = {isa = PBXBuildFile; fileRef = 79E7AA2A1B3F8DFF00416595 /* main.m */; };
		79E7AA2E1B3F8DFF00416595 /* AppDelegate.m in Sources */ = {isa = PBXBuildFile; fileRef = 79E7AA2D1B3F8DFF00416595 /* AppDelegate.m */; };
		79E7AA311B3F8DFF00416595 /* ViewController.m in Sources */ = {isa = PBXBuildFile; fileRef = 79E7AA301B3F8DFF00416595 /* ViewController.m */; };
		79E7AA341B3F8DFF00416595 /* Main.storyboard in Resources */ = {isa = PBXBuildFile; fileRef = 79E7AA321B3F8DFF00416595 /* Main.storyboard */; };
		79E7AA361B3F8DFF00416595 /* Images.xcassets in Resources */ = {isa = PBXBuildFile; fileRef = 79E7AA351B3F8DFF00416595 /* Images.xcassets */; };
		79E7AA391B3F8DFF00416595 /* LaunchScreen.xib in Resources */ = {isa = PBXBuildFile; fileRef = 79E7AA371B3F8DFF00416595 /* LaunchScreen.xib */; };
		79E7AA451B3F8DFF00416595 /* TestsTests.m in Sources */ = {isa = PBXBuildFile; fileRef = 79E7AA441B3F8DFF00416595 /* TestsTests.m */; };
/* End PBXBuildFile section */

/* Begin PBXContainerItemProxy section */
		79E7AA3F1B3F8DFF00416595 /* PBXContainerItemProxy */ = {
			isa = PBXContainerItemProxy;
			containerPortal = 79E7AA1D1B3F8DFF00416595 /* Project object */;
			proxyType = 1;
			remoteGlobalIDString = 79E7AA241B3F8DFF00416595;
			remoteInfo = Tests;
		};
/* End PBXContainerItemProxy section */

/* Begin PBXCopyFilesBuildPhase section */
		7901F0591BC8AE6000FD8915 /* Embed Frameworks */ = {
			isa = PBXCopyFilesBuildPhase;
			buildActionMask = 2147483647;
			dstPath = "";
			dstSubfolderSpec = 10;
			files = (
				7901F0581BC8AE6000FD8915 /* BoardGameFramework.framework in Embed Frameworks */,
			);
			name = "Embed Frameworks";
			runOnlyForDeploymentPostprocessing = 0;
		};
/* End PBXCopyFilesBuildPhase section */

/* Begin PBXFileReference section */
		7901F0561BC8AE6000FD8915 /* BoardGameFramework.framework */ = {isa = PBXFileReference; explicitFileType = wrapper.framework; name = BoardGameFramework.framework; path = "/Users/benjaminwishart/Library/Developer/Xcode/DerivedData/BoardGameWorkspace-dkfffpfxikhdzzgaosncrmiopzwp/Build/Products/Debug-iphoneos/BoardGameFramework.framework"; sourceTree = "<absolute>"; };
		798D742D1C659DA00083E6CC /* cardBack.png */ = {isa = PBXFileReference; lastKnownFileType = image.png; name = cardBack.png; path = /Users/benjaminwishart/Documents/Development/BoardGameFramework/BoardGameFramework/../../../../Desktop/cardBack.png; sourceTree = "<absolute>"; };
		798D74331C65A6870083E6CC /* cardBack.png */ = {isa = PBXFileReference; lastKnownFileType = image.png; name = cardBack.png; path = ../../../../../Desktop/cardBack.png; sourceTree = "<group>"; };
		79E7AA251B3F8DFF00416595 /* Tests.app */ = {isa = PBXFileReference; explicitFileType = wrapper.application; includeInIndex = 0; path = Tests.app; sourceTree = BUILT_PRODUCTS_DIR; };
		79E7AA291B3F8DFF00416595 /* Info.plist */ = {isa = PBXFileReference; lastKnownFileType = text.plist.xml; path = Info.plist; sourceTree = "<group>"; };
		79E7AA2A1B3F8DFF00416595 /* main.m */ = {isa = PBXFileReference; lastKnownFileType = sourcecode.c.objc; path = main.m; sourceTree = "<group>"; };
		79E7AA2C1B3F8DFF00416595 /* AppDelegate.h */ = {isa = PBXFileReference; lastKnownFileType = sourcecode.c.h; path = AppDelegate.h; sourceTree = "<group>"; };
		79E7AA2D1B3F8DFF00416595 /* AppDelegate.m */ = {isa = PBXFileReference; lastKnownFileType = sourcecode.c.objc; path = AppDelegate.m; sourceTree = "<group>"; };
		79E7AA2F1B3F8DFF00416595 /* ViewController.h */ = {isa = PBXFileReference; lastKnownFileType = sourcecode.c.h; path = ViewController.h; sourceTree = "<group>"; };
		79E7AA301B3F8DFF00416595 /* ViewController.m */ = {isa = PBXFileReference; lastKnownFileType = sourcecode.c.objc; path = ViewController.m; sourceTree = "<group>"; };
		79E7AA331B3F8DFF00416595 /* Base */ = {isa = PBXFileReference; lastKnownFileType = file.storyboard; name = Base; path = Base.lproj/Main.storyboard; sourceTree = "<group>"; };
		79E7AA351B3F8DFF00416595 /* Images.xcassets */ = {isa = PBXFileReference; lastKnownFileType = folder.assetcatalog; path = Images.xcassets; sourceTree = "<group>"; };
		79E7AA381B3F8DFF00416595 /* Base */ = {isa = PBXFileReference; lastKnownFileType = file.xib; name = Base; path = Base.lproj/LaunchScreen.xib; sourceTree = "<group>"; };
		79E7AA3E1B3F8DFF00416595 /* TestsTests.xctest */ = {isa = PBXFileReference; explicitFileType = wrapper.cfbundle; includeInIndex = 0; path = TestsTests.xctest; sourceTree = BUILT_PRODUCTS_DIR; };
		79E7AA431B3F8DFF00416595 /* Info.plist */ = {isa = PBXFileReference; lastKnownFileType = text.plist.xml; path = Info.plist; sourceTree = "<group>"; };
		79E7AA441B3F8DFF00416595 /* TestsTests.m */ = {isa = PBXFileReference; lastKnownFileType = sourcecode.c.objc; path = TestsTests.m; sourceTree = "<group>"; };
		79E7AA4E1B3F8E2400416595 /* BoardGameFramework.framework */ = {isa = PBXFileReference; lastKnownFileType = wrapper.framework; name = BoardGameFramework.framework; path = "../../../../../Library/Developer/Xcode/DerivedData/BoardGameFramework-glbzrouhdzebbdagkvtlgizdagae/Build/Products/Debug-iphoneos/BoardGameFramework.framework"; sourceTree = "<group>"; };
/* End PBXFileReference section */

/* Begin PBXFrameworksBuildPhase section */
		79E7AA221B3F8DFF00416595 /* Frameworks */ = {
			isa = PBXFrameworksBuildPhase;
			buildActionMask = 2147483647;
			files = (
				7901F0571BC8AE6000FD8915 /* BoardGameFramework.framework in Frameworks */,
			);
			runOnlyForDeploymentPostprocessing = 0;
		};
		79E7AA3B1B3F8DFF00416595 /* Frameworks */ = {
			isa = PBXFrameworksBuildPhase;
			buildActionMask = 2147483647;
			files = (
			);
			runOnlyForDeploymentPostprocessing = 0;
		};
/* End PBXFrameworksBuildPhase section */

/* Begin PBXGroup section */
		79E7AA1C1B3F8DFF00416595 = {
			isa = PBXGroup;
			children = (
				7901F0561BC8AE6000FD8915 /* BoardGameFramework.framework */,
				79E7AA4E1B3F8E2400416595 /* BoardGameFramework.framework */,
				79E7AA271B3F8DFF00416595 /* Tests */,
				79E7AA411B3F8DFF00416595 /* TestsTests */,
				79E7AA261B3F8DFF00416595 /* Products */,
			);
			sourceTree = "<group>";
		};
		79E7AA261B3F8DFF00416595 /* Products */ = {
			isa = PBXGroup;
			children = (
				79E7AA251B3F8DFF00416595 /* Tests.app */,
				79E7AA3E1B3F8DFF00416595 /* TestsTests.xctest */,
			);
			name = Products;
			sourceTree = "<group>";
		};
		79E7AA271B3F8DFF00416595 /* Tests */ = {
			isa = PBXGroup;
			children = (
				79E7AA2C1B3F8DFF00416595 /* AppDelegate.h */,
				798D742D1C659DA00083E6CC /* cardBack.png */,
				798D74331C65A6870083E6CC /* cardBack.png */,
				79E7AA2D1B3F8DFF00416595 /* AppDelegate.m */,
				79E7AA2F1B3F8DFF00416595 /* ViewController.h */,
				79E7AA301B3F8DFF00416595 /* ViewController.m */,
				79E7AA321B3F8DFF00416595 /* Main.storyboard */,
				79E7AA351B3F8DFF00416595 /* Images.xcassets */,
				79E7AA371B3F8DFF00416595 /* LaunchScreen.xib */,
				79E7AA281B3F8DFF00416595 /* Supporting Files */,
			);
			path = Tests;
			sourceTree = "<group>";
		};
		79E7AA281B3F8DFF00416595 /* Supporting Files */ = {
			isa = PBXGroup;
			children = (
				79E7AA291B3F8DFF00416595 /* Info.plist */,
				79E7AA2A1B3F8DFF00416595 /* main.m */,
			);
			name = "Supporting Files";
			sourceTree = "<group>";
		};
		79E7AA411B3F8DFF00416595 /* TestsTests */ = {
			isa = PBXGroup;
			children = (
				79E7AA441B3F8DFF00416595 /* TestsTests.m */,
				79E7AA421B3F8DFF00416595 /* Supporting Files */,
			);
			path = TestsTests;
			sourceTree = "<group>";
		};
		79E7AA421B3F8DFF00416595 /* Supporting Files */ = {
			isa = PBXGroup;
			children = (
				79E7AA431B3F8DFF00416595 /* Info.plist */,
			);
			name = "Supporting Files";
			sourceTree = "<group>";
		};
/* End PBXGroup section */

/* Begin PBXNativeTarget section */
		79E7AA241B3F8DFF00416595 /* Tests */ = {
			isa = PBXNativeTarget;
			buildConfigurationList = 79E7AA481B3F8DFF00416595 /* Build configuration list for PBXNativeTarget "Tests" */;
			buildPhases = (
				79E7AA211B3F8DFF00416595 /* Sources */,
				79E7AA221B3F8DFF00416595 /* Frameworks */,
				79E7AA231B3F8DFF00416595 /* Resources */,
				7901F0591BC8AE6000FD8915 /* Embed Frameworks */,
			);
			buildRules = (
			);
			dependencies = (
			);
			name = Tests;
			productName = Tests;
			productReference = 79E7AA251B3F8DFF00416595 /* Tests.app */;
			productType = "com.apple.product-type.application";
		};
		79E7AA3D1B3F8DFF00416595 /* TestsTests */ = {
			isa = PBXNativeTarget;
			buildConfigurationList = 79E7AA4B1B3F8DFF00416595 /* Build configuration list for PBXNativeTarget "TestsTests" */;
			buildPhases = (
				79E7AA3A1B3F8DFF00416595 /* Sources */,
				79E7AA3B1B3F8DFF00416595 /* Frameworks */,
				79E7AA3C1B3F8DFF00416595 /* Resources */,
			);
			buildRules = (
			);
			dependencies = (
				79E7AA401B3F8DFF00416595 /* PBXTargetDependency */,
			);
			name = TestsTests;
			productName = TestsTests;
			productReference = 79E7AA3E1B3F8DFF00416595 /* TestsTests.xctest */;
			productType = "com.apple.product-type.bundle.unit-test";
		};
/* End PBXNativeTarget section */

/* Begin PBXProject section */
		79E7AA1D1B3F8DFF00416595 /* Project object */ = {
			isa = PBXProject;
			attributes = {
				LastUpgradeCheck = 0700;
				ORGANIZATIONNAME = "Benjamin Wishart";
				TargetAttributes = {
					79E7AA241B3F8DFF00416595 = {
						CreatedOnToolsVersion = 6.3.2;
						DevelopmentTeam = 5B745E2Q5N;
					};
					79E7AA3D1B3F8DFF00416595 = {
						CreatedOnToolsVersion = 6.3.2;
						TestTargetID = 79E7AA241B3F8DFF00416595;
					};
				};
			};
			buildConfigurationList = 79E7AA201B3F8DFF00416595 /* Build configuration list for PBXProject "Tests" */;
			compatibilityVersion = "Xcode 3.2";
			developmentRegion = English;
			hasScannedForEncodings = 0;
			knownRegions = (
				en,
				Base,
			);
			mainGroup = 79E7AA1C1B3F8DFF00416595;
			productRefGroup = 79E7AA261B3F8DFF00416595 /* Products */;
			projectDirPath = "";
			projectRoot = "";
			targets = (
				79E7AA241B3F8DFF00416595 /* Tests */,
				79E7AA3D1B3F8DFF00416595 /* TestsTests */,
			);
		};
/* End PBXProject section */

/* Begin PBXResourcesBuildPhase section */
		79E7AA231B3F8DFF00416595 /* Resources */ = {
			isa = PBXResourcesBuildPhase;
			buildActionMask = 2147483647;
			files = (
				79E7AA341B3F8DFF00416595 /* Main.storyboard in Resources */,
				79E7AA391B3F8DFF00416595 /* LaunchScreen.xib in Resources */,
				798D742E1C659DA00083E6CC /* cardBack.png in Resources */,
				79E7AA361B3F8DFF00416595 /* Images.xcassets in Resources */,
				798D74341C65A6870083E6CC /* cardBack.png in Resources */,
			);
			runOnlyForDeploymentPostprocessing = 0;
		};
		79E7AA3C1B3F8DFF00416595 /* Resources */ = {
			isa = PBXResourcesBuildPhase;
			buildActionMask = 2147483647;
			files = (
			);
			runOnlyForDeploymentPostprocessing = 0;
		};
/* End PBXResourcesBuildPhase section */

/* Begin PBXSourcesBuildPhase section */
		79E7AA211B3F8DFF00416595 /* Sources */ = {
			isa = PBXSourcesBuildPhase;
			buildActionMask = 2147483647;
			files = (
				79E7AA311B3F8DFF00416595 /* ViewController.m in Sources */,
				79E7AA2E1B3F8DFF00416595 /* AppDelegate.m in Sources */,
				79E7AA2B1B3F8DFF00416595 /* main.m in Sources */,
			);
			runOnlyForDeploymentPostprocessing = 0;
		};
		79E7AA3A1B3F8DFF00416595 /* Sources */ = {
			isa = PBXSourcesBuildPhase;
			buildActionMask = 2147483647;
			files = (
				79E7AA451B3F8DFF00416595 /* TestsTests.m in Sources */,
			);
			runOnlyForDeploymentPostprocessing = 0;
		};
/* End PBXSourcesBuildPhase section */

/* Begin PBXTargetDependency section */
		79E7AA401B3F8DFF00416595 /* PBXTargetDependency */ = {
			isa = PBXTargetDependency;
			target = 79E7AA241B3F8DFF00416595 /* Tests */;
			targetProxy = 79E7AA3F1B3F8DFF00416595 /* PBXContainerItemProxy */;
		};
/* End PBXTargetDependency section */

/* Begin PBXVariantGroup section */
		79E7AA321B3F8DFF00416595 /* Main.storyboard */ = {
			isa = PBXVariantGroup;
			children = (
				79E7AA331B3F8DFF00416595 /* Base */,
			);
			name = Main.storyboard;
			sourceTree = "<group>";
		};
		79E7AA371B3F8DFF00416595 /* LaunchScreen.xib */ = {
			isa = PBXVariantGroup;
			children = (
				79E7AA381B3F8DFF00416595 /* Base */,
			);
			name = LaunchScreen.xib;
			sourceTree = "<group>";
		};
/* End PBXVariantGroup section */

/* Begin XCBuildConfiguration section */
		79E7AA461B3F8DFF00416595 /* Debug */ = {
			isa = XCBuildConfiguration;
			buildSettings = {
				ALWAYS_SEARCH_USER_PATHS = NO;
				CLANG_CXX_LANGUAGE_STANDARD = "gnu++0x";
				CLANG_CXX_LIBRARY = "libc++";
				CLANG_ENABLE_MODULES = YES;
				CLANG_ENABLE_OBJC_ARC = YES;
				CLANG_WARN_BOOL_CONVERSION = YES;
				CLANG_WARN_CONSTANT_CONVERSION = YES;
				CLANG_WARN_DIRECT_OBJC_ISA_USAGE = YES_ERROR;
				CLANG_WARN_EMPTY_BODY = YES;
				CLANG_WARN_ENUM_CONVERSION = YES;
				CLANG_WARN_INT_CONVERSION = YES;
				CLANG_WARN_OBJC_ROOT_CLASS = YES_ERROR;
				CLANG_WARN_UNREACHABLE_CODE = YES;
				CLANG_WARN__DUPLICATE_METHOD_MATCH = YES;
				"CODE_SIGN_IDENTITY[sdk=iphoneos*]" = "iPhone Developer";
				COPY_PHASE_STRIP = NO;
				DEBUG_INFORMATION_FORMAT = "dwarf-with-dsym";
				ENABLE_STRICT_OBJC_MSGSEND = YES;
				ENABLE_TESTABILITY = YES;
				GCC_C_LANGUAGE_STANDARD = gnu99;
				GCC_DYNAMIC_NO_PIC = NO;
				GCC_NO_COMMON_BLOCKS = YES;
				GCC_OPTIMIZATION_LEVEL = 0;
				GCC_PREPROCESSOR_DEFINITIONS = (
					"DEBUG=1",
					"$(inherited)",
				);
				GCC_SYMBOLS_PRIVATE_EXTERN = NO;
				GCC_WARN_64_TO_32_BIT_CONVERSION = YES;
				GCC_WARN_ABOUT_RETURN_TYPE = YES_ERROR;
				GCC_WARN_UNDECLARED_SELECTOR = YES;
				GCC_WARN_UNINITIALIZED_AUTOS = YES_AGGRESSIVE;
				GCC_WARN_UNUSED_FUNCTION = YES;
				GCC_WARN_UNUSED_VARIABLE = YES;
				IPHONEOS_DEPLOYMENT_TARGET = 8.3;
				MTL_ENABLE_DEBUG_INFO = YES;
				ONLY_ACTIVE_ARCH = YES;
				SDKROOT = iphoneos;
				TARGETED_DEVICE_FAMILY = 2;
			};
			name = Debug;
		};
		79E7AA471B3F8DFF00416595 /* Release */ = {
			isa = XCBuildConfiguration;
			buildSettings = {
				ALWAYS_SEARCH_USER_PATHS = NO;
				CLANG_CXX_LANGUAGE_STANDARD = "gnu++0x";
				CLANG_CXX_LIBRARY = "libc++";
				CLANG_ENABLE_MODULES = YES;
				CLANG_ENABLE_OBJC_ARC = YES;
				CLANG_WARN_BOOL_CONVERSION = YES;
				CLANG_WARN_CONSTANT_CONVERSION = YES;
				CLANG_WARN_DIRECT_OBJC_ISA_USAGE = YES_ERROR;
				CLANG_WARN_EMPTY_BODY = YES;
				CLANG_WARN_ENUM_CONVERSION = YES;
				CLANG_WARN_INT_CONVERSION = YES;
				CLANG_WARN_OBJC_ROOT_CLASS = YES_ERROR;
				CLANG_WARN_UNREACHABLE_CODE = YES;
				CLANG_WARN__DUPLICATE_METHOD_MATCH = YES;
				"CODE_SIGN_IDENTITY[sdk=iphoneos*]" = "iPhone Developer";
				COPY_PHASE_STRIP = NO;
				DEBUG_INFORMATION_FORMAT = "dwarf-with-dsym";
				ENABLE_NS_ASSERTIONS = NO;
				ENABLE_STRICT_OBJC_MSGSEND = YES;
				GCC_C_LANGUAGE_STANDARD = gnu99;
				GCC_NO_COMMON_BLOCKS = YES;
				GCC_WARN_64_TO_32_BIT_CONVERSION = YES;
				GCC_WARN_ABOUT_RETURN_TYPE = YES_ERROR;
				GCC_WARN_UNDECLARED_SELECTOR = YES;
				GCC_WARN_UNINITIALIZED_AUTOS = YES_AGGRESSIVE;
				GCC_WARN_UNUSED_FUNCTION = YES;
				GCC_WARN_UNUSED_VARIABLE = YES;
				IPHONEOS_DEPLOYMENT_TARGET = 8.3;
				MTL_ENABLE_DEBUG_INFO = NO;
				SDKROOT = iphoneos;
				TARGETED_DEVICE_FAMILY = 2;
				VALIDATE_PRODUCT = YES;
			};
			name = Release;
		};
		79E7AA491B3F8DFF00416595 /* Debug */ = {
			isa = XCBuildConfiguration;
			buildSettings = {
				ASSETCATALOG_COMPILER_APPICON_NAME = AppIcon;
				CODE_SIGN_IDENTITY = "iPhone Developer";
				"CODE_SIGN_IDENTITY[sdk=iphoneos*]" = "iPhone Developer";
				FRAMEWORK_SEARCH_PATHS = (
					"$(inherited)",
					"$(USER_LIBRARY_DIR)/Developer/Xcode/DerivedData/BoardGameFramework-glbzrouhdzebbdagkvtlgizdagae/Build/Products/Debug-iphoneos",
				);
				INFOPLIST_FILE = Tests/Info.plist;
				IPHONEOS_DEPLOYMENT_TARGET = 8.3;
				LD_RUNPATH_SEARCH_PATHS = "$(inherited) @executable_path/Frameworks";
				PRODUCT_BUNDLE_IDENTIFIER = "WiseartGames.$(PRODUCT_NAME:rfc1034identifier)";
				PRODUCT_NAME = "$(TARGET_NAME)";
				PROVISIONING_PROFILE = "";
			};
			name = Debug;
		};
		79E7AA4A1B3F8DFF00416595 /* Release */ = {
			isa = XCBuildConfiguration;
			buildSettings = {
				ASSETCATALOG_COMPILER_APPICON_NAME = AppIcon;
				CODE_SIGN_IDENTITY = "iPhone Developer";
				"CODE_SIGN_IDENTITY[sdk=iphoneos*]" = "iPhone Developer";
				FRAMEWORK_SEARCH_PATHS = (
					"$(inherited)",
					"$(USER_LIBRARY_DIR)/Developer/Xcode/DerivedData/BoardGameFramework-glbzrouhdzebbdagkvtlgizdagae/Build/Products/Debug-iphoneos",
				);
				INFOPLIST_FILE = Tests/Info.plist;
				IPHONEOS_DEPLOYMENT_TARGET = 8.3;
				LD_RUNPATH_SEARCH_PATHS = "$(inherited) @executable_path/Frameworks";
				PRODUCT_BUNDLE_IDENTIFIER = "WiseartGames.$(PRODUCT_NAME:rfc1034identifier)";
				PRODUCT_NAME = "$(TARGET_NAME)";
				PROVISIONING_PROFILE = "";
			};
			name = Release;
		};
		79E7AA4C1B3F8DFF00416595 /* Debug */ = {
			isa = XCBuildConfiguration;
			buildSettings = {
				BUNDLE_LOADER = "$(TEST_HOST)";
				FRAMEWORK_SEARCH_PATHS = (
					"$(SDKROOT)/Developer/Library/Frameworks",
					"$(inherited)",
				);
				GCC_PREPROCESSOR_DEFINITIONS = (
					"DEBUG=1",
					"$(inherited)",
				);
				INFOPLIST_FILE = TestsTests/Info.plist;
				LD_RUNPATH_SEARCH_PATHS = "$(inherited) @executable_path/Frameworks @loader_path/Frameworks";
				PRODUCT_BUNDLE_IDENTIFIER = "WiseartGames.$(PRODUCT_NAME:rfc1034identifier)";
				PRODUCT_NAME = "$(TARGET_NAME)";
				TEST_HOST = "$(BUILT_PRODUCTS_DIR)/Tests.app/Tests";
			};
			name = Debug;
		};
		79E7AA4D1B3F8DFF00416595 /* Release */ = {
			isa = XCBuildConfiguration;
			buildSettings = {
				BUNDLE_LOADER = "$(TEST_HOST)";
				FRAMEWORK_SEARCH_PATHS = (
					"$(SDKROOT)/Developer/Library/Frameworks",
					"$(inherited)",
				);
				INFOPLIST_FILE = TestsTests/Info.plist;
				LD_RUNPATH_SEARCH_PATHS = "$(inherited) @executable_path/Frameworks @loader_path/Frameworks";
				PRODUCT_BUNDLE_IDENTIFIER = "WiseartGames.$(PRODUCT_NAME:rfc1034identifier)";
				PRODUCT_NAME = "$(TARGET_NAME)";
				TEST_HOST = "$(BUILT_PRODUCTS_DIR)/Tests.app/Tests";
			};
			name = Release;
		};
/* End XCBuildConfiguration section */

/* Begin XCConfigurationList section */
		79E7AA201B3F8DFF00416595 /* Build configuration list for PBXProject "Tests" */ = {
			isa = XCConfigurationList;
			buildConfigurations = (
				79E7AA461B3F8DFF00416595 /* Debug */,
				79E7AA471B3F8DFF00416595 /* Release */,
			);
			defaultConfigurationIsVisible = 0;
			defaultConfigurationName = Release;
		};
		79E7AA481B3F8DFF00416595 /* Build configuration list for PBXNativeTarget "Tests" */ = {
			isa = XCConfigurationList;
			buildConfigurations = (
				79E7AA491B3F8DFF00416595 /* Debug */,
				79E7AA4A1B3F8DFF00416595 /* Release */,
			);
			defaultConfigurationIsVisible = 0;
			defaultConfigurationName = Release;
		};
		79E7AA4B1B3F8DFF00416595 /* Build configuration list for PBXNativeTarget "TestsTests" */ = {
			isa = XCConfigurationList;
			buildConfigurations = (
				79E7AA4C1B3F8DFF00416595 /* Debug */,
				79E7AA4D1B3F8DFF00416595 /* Release */,
			);
			defaultConfigurationIsVisible = 0;
			defaultConfigurationName = Release;
		};
/* End XCConfigurationList section */
	};
	rootObject = 79E7AA1D1B3F8DFF00416595 /* Project object */;
}
